
Microsoft Visual Studio Solution File, Format Version 12.00
# Visual Studio Version 17
VisualStudioVersion = 17.4.33122.133
MinimumVisualStudioVersion = 10.0.40219.1
Project("{FAE04EC0-301F-11D3-BF4B-00C04F79EFBC}") = "Assignment 1", "Assignment 1\Assignment 1.csproj", "{FE428661-6C92-4AE7-AD1E-D70C779ACFF2}"
EndProject
Global
	GlobalSection(SolutionConfigurationPlatforms) = preSolution
		Debug|Any CPU = Debug|Any CPU
		Release|Any CPU = Release|Any CPU
	EndGlobalSection
	GlobalSection(ProjectConfigurationPlatforms) = postSolution
		{FE428661-6C92-4AE7-AD1E-D70C779ACFF2}.Debug|Any CPU.ActiveCfg = Debug|Any CPU
		{FE428661-6C92-4AE7-AD1E-D70C779ACFF2}.Debug|Any CPU.Build.0 = Debug|Any CPU
		{FE428661-6C92-4AE7-AD1E-D70C779ACFF2}.Release|Any CPU.ActiveCfg = Release|Any CPU
		{FE428661-6C92-4AE7-AD1E-D70C779ACFF2}.Release|Any CPU.Build.0 = Release|Any CPU
	EndGlobalSection
	GlobalSection(SolutionProperties) = preSolution
		HideSolutionNode = FALSE
	EndGlobalSection
	GlobalSection(ExtensibilityGlobals) = postSolution
		SolutionGuid = {0B3BE705-4DC9-4BC5-8552-14CA66E1AD06}
	EndGlobalSection
EndGlobal
